
Microsoft Visual Studio Solution File, Format Version 12.00
# Visual Studio Version 17
VisualStudioVersion = 17.7.34221.43
MinimumVisualStudioVersion = 10.0.40219.1
Project("{FAE04EC0-301F-11D3-BF4B-00C04F79EFBC}") = "OnlineStore", "OnlineStore\OnlineStore.csproj", "{3210F6BE-6550-49C9-9835-3235740A0667}"
EndProject
Global
	GlobalSection(SolutionConfigurationPlatforms) = preSolution
		Debug|Any CPU = Debug|Any CPU
		Release|Any CPU = Release|Any CPU
	EndGlobalSection
	GlobalSection(ProjectConfigurationPlatforms) = postSolution
		{3210F6BE-6550-49C9-9835-3235740A0667}.Debug|Any CPU.ActiveCfg = Debug|Any CPU
		{3210F6BE-6550-49C9-9835-3235740A0667}.Debug|Any CPU.Build.0 = Debug|Any CPU
		{3210F6BE-6550-49C9-9835-3235740A0667}.Release|Any CPU.ActiveCfg = Release|Any CPU
		{3210F6BE-6550-49C9-9835-3235740A0667}.Release|Any CPU.Build.0 = Release|Any CPU
	EndGlobalSection
	GlobalSection(SolutionProperties) = preSolution
		HideSolutionNode = FALSE
	EndGlobalSection
	GlobalSection(ExtensibilityGlobals) = postSolution
		SolutionGuid = {734BCA9D-1BFB-4084-BC50-E671E2FF3991}
	EndGlobalSection
EndGlobal
